
Microsoft Visual Studio Solution File, Format Version 12.00
# Visual Studio Version 17
VisualStudioVersion = 17.2.32616.157
MinimumVisualStudioVersion = 10.0.40219.1
Project("{9A19103F-16F7-4668-BE54-9A1E7A4F7556}") = "OOPQuiz", "OOPQuiz\OOPQuiz.csproj", "{3B3871AB-A438-4132-8C16-73B71EF43CB6}"
EndProject
Project("{9A19103F-16F7-4668-BE54-9A1E7A4F7556}") = "OOPQuiz.Business", "OOPQuiz.Business\OOPQuiz.Business.csproj", "{214A97E3-75F9-4800-B440-066861466BD3}"
EndProject
Project("{9A19103F-16F7-4668-BE54-9A1E7A4F7556}") = "OOPQuiz.Core", "OOPQuiz.Core\OOPQuiz.Core.csproj", "{68752AB8-FC27-47D6-92BD-ED82E79CB7D7}"
EndProject
Project("{2150E333-8FDC-42A3-9474-1A3956D46DE8}") = "Tests", "Tests", "{22B252B5-F3E9-4FE4-AEF0-9F0C210D4596}"
EndProject
Project("{9A19103F-16F7-4668-BE54-9A1E7A4F7556}") = "OOPQuiz.Core.Tests", "Tests\OOPQuiz.Core.Tests\OOPQuiz.Core.Tests.csproj", "{E9BCF511-206C-48F9-94AB-B8A08F3EA1E2}"
EndProject
Project("{9A19103F-16F7-4668-BE54-9A1E7A4F7556}") = "OOPQuiz.Business.Tests", "Tests\OOPQuiz.Business.Tests\OOPQuiz.Business.Tests.csproj", "{1FB55068-7A62-445F-BD3F-565FF6922ACD}"
EndProject
Project("{2150E333-8FDC-42A3-9474-1A3956D46DE8}") = "Services", "Services", "{7EAD0895-67D5-4CBD-8514-933E03200110}"
EndProject
Project("{9A19103F-16F7-4668-BE54-9A1E7A4F7556}") = "OOPQuiz.Services", "Services\OOPQuiz.Services\OOPQuiz.Services.csproj", "{324205FF-EDEF-483E-AE52-3312712C6631}"
EndProject
Project("{9A19103F-16F7-4668-BE54-9A1E7A4F7556}") = "OOPQuiz.Services.Interfaces", "Services\OOPQuiz.Services.Interfaces\OOPQuiz.Services.Interfaces.csproj", "{8CDCC4E8-1020-43C0-9F7F-DCEEF7FB40C7}"
EndProject
Project("{2150E333-8FDC-42A3-9474-1A3956D46DE8}") = "Modules", "Modules", "{BD3A75FC-8C14-4CCC-852F-7337EE2FC451}"
EndProject
Project("{FAE04EC0-301F-11D3-BF4B-00C04F79EFBC}") = "OOPQuiz.Quiz", "Modules\OOPQuiz.Quiz\OOPQuiz.Quiz.csproj", "{766FFD25-598D-493A-AFB7-4F18BC5472AE}"
EndProject
Project("{FAE04EC0-301F-11D3-BF4B-00C04F79EFBC}") = "OOPQuiz.Quiz.Tests", "Tests\OOPQuiz.Quiz.Tests\OOPQuiz.Quiz.Tests.csproj", "{AA9001C0-134C-4062-A866-FBCDBAA987DE}"
EndProject
Global
	GlobalSection(SolutionConfigurationPlatforms) = preSolution
		Debug|Any CPU = Debug|Any CPU
		Release|Any CPU = Release|Any CPU
	EndGlobalSection
	GlobalSection(ProjectConfigurationPlatforms) = postSolution
		{3B3871AB-A438-4132-8C16-73B71EF43CB6}.Debug|Any CPU.ActiveCfg = Debug|Any CPU
		{3B3871AB-A438-4132-8C16-73B71EF43CB6}.Debug|Any CPU.Build.0 = Debug|Any CPU
		{3B3871AB-A438-4132-8C16-73B71EF43CB6}.Release|Any CPU.ActiveCfg = Release|Any CPU
		{3B3871AB-A438-4132-8C16-73B71EF43CB6}.Release|Any CPU.Build.0 = Release|Any CPU
		{214A97E3-75F9-4800-B440-066861466BD3}.Debug|Any CPU.ActiveCfg = Debug|Any CPU
		{214A97E3-75F9-4800-B440-066861466BD3}.Debug|Any CPU.Build.0 = Debug|Any CPU
		{214A97E3-75F9-4800-B440-066861466BD3}.Release|Any CPU.ActiveCfg = Release|Any CPU
		{214A97E3-75F9-4800-B440-066861466BD3}.Release|Any CPU.Build.0 = Release|Any CPU
		{68752AB8-FC27-47D6-92BD-ED82E79CB7D7}.Debug|Any CPU.ActiveCfg = Debug|Any CPU
		{68752AB8-FC27-47D6-92BD-ED82E79CB7D7}.Debug|Any CPU.Build.0 = Debug|Any CPU
		{68752AB8-FC27-47D6-92BD-ED82E79CB7D7}.Release|Any CPU.ActiveCfg = Release|Any CPU
		{68752AB8-FC27-47D6-92BD-ED82E79CB7D7}.Release|Any CPU.Build.0 = Release|Any CPU
		{E9BCF511-206C-48F9-94AB-B8A08F3EA1E2}.Debug|Any CPU.ActiveCfg = Debug|Any CPU
		{E9BCF511-206C-48F9-94AB-B8A08F3EA1E2}.Debug|Any CPU.Build.0 = Debug|Any CPU
		{E9BCF511-206C-48F9-94AB-B8A08F3EA1E2}.Release|Any CPU.ActiveCfg = Release|Any CPU
		{E9BCF511-206C-48F9-94AB-B8A08F3EA1E2}.Release|Any CPU.Build.0 = Release|Any CPU
		{1FB55068-7A62-445F-BD3F-565FF6922ACD}.Debug|Any CPU.ActiveCfg = Debug|Any CPU
		{1FB55068-7A62-445F-BD3F-565FF6922ACD}.Debug|Any CPU.Build.0 = Debug|Any CPU
		{1FB55068-7A62-445F-BD3F-565FF6922ACD}.Release|Any CPU.ActiveCfg = Release|Any CPU
		{1FB55068-7A62-445F-BD3F-565FF6922ACD}.Release|Any CPU.Build.0 = Release|Any CPU
		{324205FF-EDEF-483E-AE52-3312712C6631}.Debug|Any CPU.ActiveCfg = Debug|Any CPU
		{324205FF-EDEF-483E-AE52-3312712C6631}.Debug|Any CPU.Build.0 = Debug|Any CPU
		{324205FF-EDEF-483E-AE52-3312712C6631}.Release|Any CPU.ActiveCfg = Release|Any CPU
		{324205FF-EDEF-483E-AE52-3312712C6631}.Release|Any CPU.Build.0 = Release|Any CPU
		{8CDCC4E8-1020-43C0-9F7F-DCEEF7FB40C7}.Debug|Any CPU.ActiveCfg = Debug|Any CPU
		{8CDCC4E8-1020-43C0-9F7F-DCEEF7FB40C7}.Debug|Any CPU.Build.0 = Debug|Any CPU
		{8CDCC4E8-1020-43C0-9F7F-DCEEF7FB40C7}.Release|Any CPU.ActiveCfg = Release|Any CPU
		{8CDCC4E8-1020-43C0-9F7F-DCEEF7FB40C7}.Release|Any CPU.Build.0 = Release|Any CPU
		{766FFD25-598D-493A-AFB7-4F18BC5472AE}.Debug|Any CPU.ActiveCfg = Debug|Any CPU
		{766FFD25-598D-493A-AFB7-4F18BC5472AE}.Debug|Any CPU.Build.0 = Debug|Any CPU
		{766FFD25-598D-493A-AFB7-4F18BC5472AE}.Release|Any CPU.ActiveCfg = Release|Any CPU
		{766FFD25-598D-493A-AFB7-4F18BC5472AE}.Release|Any CPU.Build.0 = Release|Any CPU
		{AA9001C0-134C-4062-A866-FBCDBAA987DE}.Debug|Any CPU.ActiveCfg = Debug|Any CPU
		{AA9001C0-134C-4062-A866-FBCDBAA987DE}.Debug|Any CPU.Build.0 = Debug|Any CPU
		{AA9001C0-134C-4062-A866-FBCDBAA987DE}.Release|Any CPU.ActiveCfg = Release|Any CPU
		{AA9001C0-134C-4062-A866-FBCDBAA987DE}.Release|Any CPU.Build.0 = Release|Any CPU
	EndGlobalSection
	GlobalSection(SolutionProperties) = preSolution
		HideSolutionNode = FALSE
	EndGlobalSection
	GlobalSection(NestedProjects) = preSolution
		{E9BCF511-206C-48F9-94AB-B8A08F3EA1E2} = {22B252B5-F3E9-4FE4-AEF0-9F0C210D4596}
		{1FB55068-7A62-445F-BD3F-565FF6922ACD} = {22B252B5-F3E9-4FE4-AEF0-9F0C210D4596}
		{324205FF-EDEF-483E-AE52-3312712C6631} = {7EAD0895-67D5-4CBD-8514-933E03200110}
		{8CDCC4E8-1020-43C0-9F7F-DCEEF7FB40C7} = {7EAD0895-67D5-4CBD-8514-933E03200110}
		{766FFD25-598D-493A-AFB7-4F18BC5472AE} = {BD3A75FC-8C14-4CCC-852F-7337EE2FC451}
		{AA9001C0-134C-4062-A866-FBCDBAA987DE} = {22B252B5-F3E9-4FE4-AEF0-9F0C210D4596}
	EndGlobalSection
	GlobalSection(ExtensibilityGlobals) = postSolution
		SolutionGuid = {440220B2-C697-49CC-8E15-0D3DC88B78A6}
	EndGlobalSection
EndGlobal
